
Microsoft Visual Studio Solution File, Format Version 12.00
# Visual Studio Version 16
VisualStudioVersion = 16.0.29609.76
MinimumVisualStudioVersion = 10.0.40219.1
Project("{FAE04EC0-301F-11D3-BF4B-00C04F79EFBC}") = "kcsara-exams", "kcsara-exams\kcsara-exams.csproj", "{2C94101C-FBEE-40F2-9B5E-48DBE63EF74E}"
EndProject
Global
	GlobalSection(SolutionConfigurationPlatforms) = preSolution
		Debug|Any CPU = Debug|Any CPU
		Release|Any CPU = Release|Any CPU
	EndGlobalSection
	GlobalSection(ProjectConfigurationPlatforms) = postSolution
		{2C94101C-FBEE-40F2-9B5E-48DBE63EF74E}.Debug|Any CPU.ActiveCfg = Debug|Any CPU
		{2C94101C-FBEE-40F2-9B5E-48DBE63EF74E}.Debug|Any CPU.Build.0 = Debug|Any CPU
		{2C94101C-FBEE-40F2-9B5E-48DBE63EF74E}.Release|Any CPU.ActiveCfg = Release|Any CPU
		{2C94101C-FBEE-40F2-9B5E-48DBE63EF74E}.Release|Any CPU.Build.0 = Release|Any CPU
	EndGlobalSection
	GlobalSection(SolutionProperties) = preSolution
		HideSolutionNode = FALSE
	EndGlobalSection
	GlobalSection(ExtensibilityGlobals) = postSolution
		SolutionGuid = {8AB14B0E-90A0-4D90-9790-A0EF47172841}
	EndGlobalSection
EndGlobal
